
Microsoft Visual Studio Solution File, Format Version 12.00
# Visual Studio Version 17
VisualStudioVersion = 17.14.36310.24
MinimumVisualStudioVersion = 10.0.40219.1
Project("{8BC9CEB8-8B4A-11D0-8D11-00A0C91BC942}") = "programe", "programe.vcxproj", "{40683713-F622-43F1-9F64-83EBC247C83B}"
EndProject
Project("{8BC9CEB8-8B4A-11D0-8D11-00A0C91BC942}") = "class1th (compile)", "..\class1th (compile)\class1th (compile).vcxproj", "{18C142E0-5312-43CD-96C2-032ABCF7489B}"
EndProject
Project("{8BC9CEB8-8B4A-11D0-8D11-00A0C91BC942}") = "Class2th (Variable & Constant)", "..\Class2th (Variable & Constant)\Class2th (Variable & Constant).vcxproj", "{BE3FF7BB-1B82-4CC8-B18E-A4DE9796564A}"
EndProject
Project("{8BC9CEB8-8B4A-11D0-8D11-00A0C91BC942}") = "class3th (Bit)", "..\class3th (Bit)\class3th (Bit).vcxproj", "{B535374C-2D4E-4AB4-AD42-977FAC9BBFE3}"
EndProject
Project("{8BC9CEB8-8B4A-11D0-8D11-00A0C91BC942}") = "class4th", "..\class4th\class4th.vcxproj", "{CB7E8987-8A98-4504-AACB-00663C4B2D4C}"
EndProject
Project("{8BC9CEB8-8B4A-11D0-8D11-00A0C91BC942}") = "class5th", "..\class5th\class5th.vcxproj", "{4CC66543-2B23-475C-9A99-F344DBCF2BC6}"
EndProject
Project("{8BC9CEB8-8B4A-11D0-8D11-00A0C91BC942}") = "class6th (state)", "..\class6th (state)\class6th (state).vcxproj", "{EE834080-C1A7-4607-A611-E5611AEE8B85}"
EndProject
Project("{8BC9CEB8-8B4A-11D0-8D11-00A0C91BC942}") = "class7th (type con)", "..\class7th (type con)\class7th (type con).vcxproj", "{7292273E-065C-4C28-B18C-53AB517BB021}"
EndProject
Project("{8BC9CEB8-8B4A-11D0-8D11-00A0C91BC942}") = "class8th (pointer)", "..\class8th (pointer)\class8th (pointer).vcxproj", "{5D4D46BF-1A1A-4DED-8E09-6B194D67A5A3}"
EndProject
Project("{8BC9CEB8-8B4A-11D0-8D11-00A0C91BC942}") = "class9th (array)", "..\class9th (array)\class9th (array).vcxproj", "{B6E9825B-7C73-4161-BC92-CFF789D8274C}"
EndProject
Project("{8BC9CEB8-8B4A-11D0-8D11-00A0C91BC942}") = "class10th (function)", "..\class10th\class10th.vcxproj", "{09B05765-8E33-4DE4-AE10-F58D5B0F57D3}"
EndProject
Global
	GlobalSection(SolutionConfigurationPlatforms) = preSolution
		Debug|x64 = Debug|x64
		Debug|x86 = Debug|x86
		Release|x64 = Release|x64
		Release|x86 = Release|x86
	EndGlobalSection
	GlobalSection(ProjectConfigurationPlatforms) = postSolution
		{40683713-F622-43F1-9F64-83EBC247C83B}.Debug|x64.ActiveCfg = Debug|x64
		{40683713-F622-43F1-9F64-83EBC247C83B}.Debug|x64.Build.0 = Debug|x64
		{40683713-F622-43F1-9F64-83EBC247C83B}.Debug|x86.ActiveCfg = Debug|Win32
		{40683713-F622-43F1-9F64-83EBC247C83B}.Debug|x86.Build.0 = Debug|Win32
		{40683713-F622-43F1-9F64-83EBC247C83B}.Release|x64.ActiveCfg = Release|x64
		{40683713-F622-43F1-9F64-83EBC247C83B}.Release|x64.Build.0 = Release|x64
		{40683713-F622-43F1-9F64-83EBC247C83B}.Release|x86.ActiveCfg = Release|Win32
		{40683713-F622-43F1-9F64-83EBC247C83B}.Release|x86.Build.0 = Release|Win32
		{18C142E0-5312-43CD-96C2-032ABCF7489B}.Debug|x64.ActiveCfg = Debug|x64
		{18C142E0-5312-43CD-96C2-032ABCF7489B}.Debug|x64.Build.0 = Debug|x64
		{18C142E0-5312-43CD-96C2-032ABCF7489B}.Debug|x86.ActiveCfg = Debug|Win32
		{18C142E0-5312-43CD-96C2-032ABCF7489B}.Debug|x86.Build.0 = Debug|Win32
		{18C142E0-5312-43CD-96C2-032ABCF7489B}.Release|x64.ActiveCfg = Release|x64
		{18C142E0-5312-43CD-96C2-032ABCF7489B}.Release|x64.Build.0 = Release|x64
		{18C142E0-5312-43CD-96C2-032ABCF7489B}.Release|x86.ActiveCfg = Release|Win32
		{18C142E0-5312-43CD-96C2-032ABCF7489B}.Release|x86.Build.0 = Release|Win32
		{BE3FF7BB-1B82-4CC8-B18E-A4DE9796564A}.Debug|x64.ActiveCfg = Debug|x64
		{BE3FF7BB-1B82-4CC8-B18E-A4DE9796564A}.Debug|x64.Build.0 = Debug|x64
		{BE3FF7BB-1B82-4CC8-B18E-A4DE9796564A}.Debug|x86.ActiveCfg = Debug|Win32
		{BE3FF7BB-1B82-4CC8-B18E-A4DE9796564A}.Debug|x86.Build.0 = Debug|Win32
		{BE3FF7BB-1B82-4CC8-B18E-A4DE9796564A}.Release|x64.ActiveCfg = Release|x64
		{BE3FF7BB-1B82-4CC8-B18E-A4DE9796564A}.Release|x64.Build.0 = Release|x64
		{BE3FF7BB-1B82-4CC8-B18E-A4DE9796564A}.Release|x86.ActiveCfg = Release|Win32
		{BE3FF7BB-1B82-4CC8-B18E-A4DE9796564A}.Release|x86.Build.0 = Release|Win32
		{B535374C-2D4E-4AB4-AD42-977FAC9BBFE3}.Debug|x64.ActiveCfg = Debug|x64
		{B535374C-2D4E-4AB4-AD42-977FAC9BBFE3}.Debug|x64.Build.0 = Debug|x64
		{B535374C-2D4E-4AB4-AD42-977FAC9BBFE3}.Debug|x86.ActiveCfg = Debug|Win32
		{B535374C-2D4E-4AB4-AD42-977FAC9BBFE3}.Debug|x86.Build.0 = Debug|Win32
		{B535374C-2D4E-4AB4-AD42-977FAC9BBFE3}.Release|x64.ActiveCfg = Release|x64
		{B535374C-2D4E-4AB4-AD42-977FAC9BBFE3}.Release|x64.Build.0 = Release|x64
		{B535374C-2D4E-4AB4-AD42-977FAC9BBFE3}.Release|x86.ActiveCfg = Release|Win32
		{B535374C-2D4E-4AB4-AD42-977FAC9BBFE3}.Release|x86.Build.0 = Release|Win32
		{CB7E8987-8A98-4504-AACB-00663C4B2D4C}.Debug|x64.ActiveCfg = Debug|x64
		{CB7E8987-8A98-4504-AACB-00663C4B2D4C}.Debug|x64.Build.0 = Debug|x64
		{CB7E8987-8A98-4504-AACB-00663C4B2D4C}.Debug|x86.ActiveCfg = Debug|Win32
		{CB7E8987-8A98-4504-AACB-00663C4B2D4C}.Debug|x86.Build.0 = Debug|Win32
		{CB7E8987-8A98-4504-AACB-00663C4B2D4C}.Release|x64.ActiveCfg = Release|x64
		{CB7E8987-8A98-4504-AACB-00663C4B2D4C}.Release|x64.Build.0 = Release|x64
		{CB7E8987-8A98-4504-AACB-00663C4B2D4C}.Release|x86.ActiveCfg = Release|Win32
		{CB7E8987-8A98-4504-AACB-00663C4B2D4C}.Release|x86.Build.0 = Release|Win32
		{4CC66543-2B23-475C-9A99-F344DBCF2BC6}.Debug|x64.ActiveCfg = Debug|x64
		{4CC66543-2B23-475C-9A99-F344DBCF2BC6}.Debug|x64.Build.0 = Debug|x64
		{4CC66543-2B23-475C-9A99-F344DBCF2BC6}.Debug|x86.ActiveCfg = Debug|Win32
		{4CC66543-2B23-475C-9A99-F344DBCF2BC6}.Debug|x86.Build.0 = Debug|Win32
		{4CC66543-2B23-475C-9A99-F344DBCF2BC6}.Release|x64.ActiveCfg = Release|x64
		{4CC66543-2B23-475C-9A99-F344DBCF2BC6}.Release|x64.Build.0 = Release|x64
		{4CC66543-2B23-475C-9A99-F344DBCF2BC6}.Release|x86.ActiveCfg = Release|Win32
		{4CC66543-2B23-475C-9A99-F344DBCF2BC6}.Release|x86.Build.0 = Release|Win32
		{EE834080-C1A7-4607-A611-E5611AEE8B85}.Debug|x64.ActiveCfg = Debug|x64
		{EE834080-C1A7-4607-A611-E5611AEE8B85}.Debug|x64.Build.0 = Debug|x64
		{EE834080-C1A7-4607-A611-E5611AEE8B85}.Debug|x86.ActiveCfg = Debug|Win32
		{EE834080-C1A7-4607-A611-E5611AEE8B85}.Debug|x86.Build.0 = Debug|Win32
		{EE834080-C1A7-4607-A611-E5611AEE8B85}.Release|x64.ActiveCfg = Release|x64
		{EE834080-C1A7-4607-A611-E5611AEE8B85}.Release|x64.Build.0 = Release|x64
		{EE834080-C1A7-4607-A611-E5611AEE8B85}.Release|x86.ActiveCfg = Release|Win32
		{EE834080-C1A7-4607-A611-E5611AEE8B85}.Release|x86.Build.0 = Release|Win32
		{7292273E-065C-4C28-B18C-53AB517BB021}.Debug|x64.ActiveCfg = Debug|x64
		{7292273E-065C-4C28-B18C-53AB517BB021}.Debug|x64.Build.0 = Debug|x64
		{7292273E-065C-4C28-B18C-53AB517BB021}.Debug|x86.ActiveCfg = Debug|Win32
		{7292273E-065C-4C28-B18C-53AB517BB021}.Debug|x86.Build.0 = Debug|Win32
		{7292273E-065C-4C28-B18C-53AB517BB021}.Release|x64.ActiveCfg = Release|x64
		{7292273E-065C-4C28-B18C-53AB517BB021}.Release|x64.Build.0 = Release|x64
		{7292273E-065C-4C28-B18C-53AB517BB021}.Release|x86.ActiveCfg = Release|Win32
		{7292273E-065C-4C28-B18C-53AB517BB021}.Release|x86.Build.0 = Release|Win32
		{5D4D46BF-1A1A-4DED-8E09-6B194D67A5A3}.Debug|x64.ActiveCfg = Debug|x64
		{5D4D46BF-1A1A-4DED-8E09-6B194D67A5A3}.Debug|x64.Build.0 = Debug|x64
		{5D4D46BF-1A1A-4DED-8E09-6B194D67A5A3}.Debug|x86.ActiveCfg = Debug|Win32
		{5D4D46BF-1A1A-4DED-8E09-6B194D67A5A3}.Debug|x86.Build.0 = Debug|Win32
		{5D4D46BF-1A1A-4DED-8E09-6B194D67A5A3}.Release|x64.ActiveCfg = Release|x64
		{5D4D46BF-1A1A-4DED-8E09-6B194D67A5A3}.Release|x64.Build.0 = Release|x64
		{5D4D46BF-1A1A-4DED-8E09-6B194D67A5A3}.Release|x86.ActiveCfg = Release|Win32
		{5D4D46BF-1A1A-4DED-8E09-6B194D67A5A3}.Release|x86.Build.0 = Release|Win32
		{B6E9825B-7C73-4161-BC92-CFF789D8274C}.Debug|x64.ActiveCfg = Debug|x64
		{B6E9825B-7C73-4161-BC92-CFF789D8274C}.Debug|x64.Build.0 = Debug|x64
		{B6E9825B-7C73-4161-BC92-CFF789D8274C}.Debug|x86.ActiveCfg = Debug|Win32
		{B6E9825B-7C73-4161-BC92-CFF789D8274C}.Debug|x86.Build.0 = Debug|Win32
		{B6E9825B-7C73-4161-BC92-CFF789D8274C}.Release|x64.ActiveCfg = Release|x64
		{B6E9825B-7C73-4161-BC92-CFF789D8274C}.Release|x64.Build.0 = Release|x64
		{B6E9825B-7C73-4161-BC92-CFF789D8274C}.Release|x86.ActiveCfg = Release|Win32
		{B6E9825B-7C73-4161-BC92-CFF789D8274C}.Release|x86.Build.0 = Release|Win32
		{09B05765-8E33-4DE4-AE10-F58D5B0F57D3}.Debug|x64.ActiveCfg = Debug|x64
		{09B05765-8E33-4DE4-AE10-F58D5B0F57D3}.Debug|x64.Build.0 = Debug|x64
		{09B05765-8E33-4DE4-AE10-F58D5B0F57D3}.Debug|x86.ActiveCfg = Debug|Win32
		{09B05765-8E33-4DE4-AE10-F58D5B0F57D3}.Debug|x86.Build.0 = Debug|Win32
		{09B05765-8E33-4DE4-AE10-F58D5B0F57D3}.Release|x64.ActiveCfg = Release|x64
		{09B05765-8E33-4DE4-AE10-F58D5B0F57D3}.Release|x64.Build.0 = Release|x64
		{09B05765-8E33-4DE4-AE10-F58D5B0F57D3}.Release|x86.ActiveCfg = Release|Win32
		{09B05765-8E33-4DE4-AE10-F58D5B0F57D3}.Release|x86.Build.0 = Release|Win32
	EndGlobalSection
	GlobalSection(SolutionProperties) = preSolution
		HideSolutionNode = FALSE
	EndGlobalSection
	GlobalSection(ExtensibilityGlobals) = postSolution
		SolutionGuid = {ECA8C497-AF57-466F-887D-6B8998575579}
	EndGlobalSection
EndGlobal
